
Microsoft Visual Studio Solution File, Format Version 12.00
# Visual Studio Version 16
VisualStudioVersion = 16.0.30002.166
MinimumVisualStudioVersion = 10.0.40219.1
Project("{FAE04EC0-301F-11D3-BF4B-00C04F79EFBC}") = "LAB 3 on 4-21", "LAB 3 on 4-21\LAB 3 on 4-21.csproj", "{8C1909D9-C156-43D7-B128-6D42679B727B}"
EndProject
Global
	GlobalSection(SolutionConfigurationPlatforms) = preSolution
		Debug|Any CPU = Debug|Any CPU
		Release|Any CPU = Release|Any CPU
	EndGlobalSection
	GlobalSection(ProjectConfigurationPlatforms) = postSolution
		{8C1909D9-C156-43D7-B128-6D42679B727B}.Debug|Any CPU.ActiveCfg = Debug|Any CPU
		{8C1909D9-C156-43D7-B128-6D42679B727B}.Debug|Any CPU.Build.0 = Debug|Any CPU
		{8C1909D9-C156-43D7-B128-6D42679B727B}.Release|Any CPU.ActiveCfg = Release|Any CPU
		{8C1909D9-C156-43D7-B128-6D42679B727B}.Release|Any CPU.Build.0 = Release|Any CPU
	EndGlobalSection
	GlobalSection(SolutionProperties) = preSolution
		HideSolutionNode = FALSE
	EndGlobalSection
	GlobalSection(ExtensibilityGlobals) = postSolution
		SolutionGuid = {78DBE6F4-47F4-45F6-9618-852EB4BC9C4E}
	EndGlobalSection
EndGlobal
